
Microsoft Visual Studio Solution File, Format Version 12.00
# Visual Studio Version 17
VisualStudioVersion = 17.14.36327.8 d17.14
MinimumVisualStudioVersion = 10.0.40219.1
Project("{FAE04EC0-301F-11D3-BF4B-00C04F79EFBC}") = "BookstoreAPI", "BookstoreAPI\BookstoreAPI.csproj", "{0FE9C27A-0214-489D-A5AA-5BFE032C9B05}"
EndProject
Global
	GlobalSection(SolutionConfigurationPlatforms) = preSolution
		Debug|Any CPU = Debug|Any CPU
		Release|Any CPU = Release|Any CPU
	EndGlobalSection
	GlobalSection(ProjectConfigurationPlatforms) = postSolution
		{0FE9C27A-0214-489D-A5AA-5BFE032C9B05}.Debug|Any CPU.ActiveCfg = Debug|Any CPU
		{0FE9C27A-0214-489D-A5AA-5BFE032C9B05}.Debug|Any CPU.Build.0 = Debug|Any CPU
		{0FE9C27A-0214-489D-A5AA-5BFE032C9B05}.Release|Any CPU.ActiveCfg = Release|Any CPU
		{0FE9C27A-0214-489D-A5AA-5BFE032C9B05}.Release|Any CPU.Build.0 = Release|Any CPU
	EndGlobalSection
	GlobalSection(SolutionProperties) = preSolution
		HideSolutionNode = FALSE
	EndGlobalSection
	GlobalSection(ExtensibilityGlobals) = postSolution
		SolutionGuid = {8B4783C6-B43D-43B0-8506-008F84850DD8}
	EndGlobalSection
EndGlobal
